// !$*UTF8*$!
{
	archiveVersion = 1;
	classes = {
	};
	objectVersion = 52;
	objects = {

/* Begin PBXBuildFile section */
		9625AB5D273D7E2400E31242 /* FirebaseAnalytics in Frameworks */ = {isa = PBXBuildFile; productRef = 9625AB5C273D7E2400E31242 /* FirebaseAnalytics */; };
		9625AB5F273D7E2400E31242 /* FirebaseAnalyticsSwift-Beta in Frameworks */ = {isa = PBXBuildFile; productRef = 9625AB5E273D7E2400E31242 /* FirebaseAnalyticsSwift-Beta */; };
		9625AB61273D7E2400E31242 /* FirebaseAppDistribution-Beta in Frameworks */ = {isa = PBXBuildFile; productRef = 9625AB60273D7E2400E31242 /* FirebaseAppDistribution-Beta */; };
		9625AB63273D7E2400E31242 /* FirebaseAuth in Frameworks */ = {isa = PBXBuildFile; productRef = 9625AB62273D7E2400E31242 /* FirebaseAuth */; };
		9625AB65273D7E2400E31242 /* FirebaseDatabase in Frameworks */ = {isa = PBXBuildFile; productRef = 9625AB64273D7E2400E31242 /* FirebaseDatabase */; };
		9625AB67273D7E2400E31242 /* FirebaseDatabaseSwift-Beta in Frameworks */ = {isa = PBXBuildFile; productRef = 9625AB66273D7E2400E31242 /* FirebaseDatabaseSwift-Beta */; };
		9625AB69273D7E2400E31242 /* FirebaseFirestore in Frameworks */ = {isa = PBXBuildFile; productRef = 9625AB68273D7E2400E31242 /* FirebaseFirestore */; };
		9625AB6B273D7E2400E31242 /* FirebaseFirestoreSwift-Beta in Frameworks */ = {isa = PBXBuildFile; productRef = 9625AB6A273D7E2400E31242 /* FirebaseFirestoreSwift-Beta */; };
		9625AB6D273D7E2400E31242 /* FirebaseStorage in Frameworks */ = {isa = PBXBuildFile; productRef = 9625AB6C273D7E2400E31242 /* FirebaseStorage */; };
		9625AB6F273D7E2400E31242 /* FirebaseStorageSwift-Beta in Frameworks */ = {isa = PBXBuildFile; productRef = 9625AB6E273D7E2400E31242 /* FirebaseStorageSwift-Beta */; };
		964030FE2736CBB7002D6374 /* Event.swift in Sources */ = {isa = PBXBuildFile; fileRef = 964030FD2736CBB7002D6374 /* Event.swift */; };
		964031002736CFA4002D6374 /* EventListViewModel.swift in Sources */ = {isa = PBXBuildFile; fileRef = 964030FF2736CFA4002D6374 /* EventListViewModel.swift */; };
		964031022736CFFE002D6374 /* EventRepository.swift in Sources */ = {isa = PBXBuildFile; fileRef = 964031012736CFFE002D6374 /* EventRepository.swift */; };
		964031042736D15C002D6374 /* EventCellViewModel.swift in Sources */ = {isa = PBXBuildFile; fileRef = 964031032736D15C002D6374 /* EventCellViewModel.swift */; };
		964031062736D3A3002D6374 /* EventListView.swift in Sources */ = {isa = PBXBuildFile; fileRef = 964031052736D3A3002D6374 /* EventListView.swift */; };
		964CEF2526F62AB8002D6A04 /* TaskRepository.swift in Sources */ = {isa = PBXBuildFile; fileRef = 964CEF2426F62AB8002D6A04 /* TaskRepository.swift */; };
		9656B2C426FEC3DE00BDC7D2 /* SignInWithAppleCoordinator.swift in Sources */ = {isa = PBXBuildFile; fileRef = 9656B2C326FEC3DE00BDC7D2 /* SignInWithAppleCoordinator.swift */; };
		965BBE3126F5113B00E3FEDE /* TaskCellViewModel.swift in Sources */ = {isa = PBXBuildFile; fileRef = 965BBE3026F5113B00E3FEDE /* TaskCellViewModel.swift */; };
		965BBE3326F5132600E3FEDE /* TaskListViewModel.swift in Sources */ = {isa = PBXBuildFile; fileRef = 965BBE3226F5132600E3FEDE /* TaskListViewModel.swift */; };
		96863F292721C68200272EBE /* DateExtension.swift in Sources */ = {isa = PBXBuildFile; fileRef = 96863F282721C68200272EBE /* DateExtension.swift */; };
		9699AE23272D9482002F4ABF /* MonthViewModel.swift in Sources */ = {isa = PBXBuildFile; fileRef = 9699AE22272D9482002F4ABF /* MonthViewModel.swift */; };
		96A32FFA27342DBF00190C2D /* DayView.swift in Sources */ = {isa = PBXBuildFile; fileRef = 96A32FF927342DBF00190C2D /* DayView.swift */; };
		96BD6D342718600200844130 /* MonthView.swift in Sources */ = {isa = PBXBuildFile; fileRef = 96BD6D332718600200844130 /* MonthView.swift */; };
		96BD6D362718630C00844130 /* MainView.swift in Sources */ = {isa = PBXBuildFile; fileRef = 96BD6D352718630B00844130 /* MainView.swift */; };
		96BE2E8F26FCCB1400F4179C /* SigninWithAppleButton.swift in Sources */ = {isa = PBXBuildFile; fileRef = 96BE2E8E26FCCB1400F4179C /* SigninWithAppleButton.swift */; };
		96BE2E9126FCCC2F00F4179C /* SigninView.swift in Sources */ = {isa = PBXBuildFile; fileRef = 96BE2E9026FCCC2F00F4179C /* SigninView.swift */; };
		96C43A8226F38D8C0046A3B8 /* TaskAttackApp.swift in Sources */ = {isa = PBXBuildFile; fileRef = 96C43A8126F38D8C0046A3B8 /* TaskAttackApp.swift */; };
		96C43A8426F38D8C0046A3B8 /* TaskListView.swift in Sources */ = {isa = PBXBuildFile; fileRef = 96C43A8326F38D8C0046A3B8 /* TaskListView.swift */; };
		96C43A8626F38D8D0046A3B8 /* Assets.xcassets in Resources */ = {isa = PBXBuildFile; fileRef = 96C43A8526F38D8D0046A3B8 /* Assets.xcassets */; };
		96C43A8926F38D8D0046A3B8 /* Preview Assets.xcassets in Resources */ = {isa = PBXBuildFile; fileRef = 96C43A8826F38D8D0046A3B8 /* Preview Assets.xcassets */; };
		96C43A9426F38D8D0046A3B8 /* TaskAttackTests.swift in Sources */ = {isa = PBXBuildFile; fileRef = 96C43A9326F38D8D0046A3B8 /* TaskAttackTests.swift */; };
		96C43A9F26F38D8D0046A3B8 /* TaskAttackUITests.swift in Sources */ = {isa = PBXBuildFile; fileRef = 96C43A9E26F38D8D0046A3B8 /* TaskAttackUITests.swift */; };
		96C43AC426F39F670046A3B8 /* Task.swift in Sources */ = {isa = PBXBuildFile; fileRef = 96C43AC326F39F670046A3B8 /* Task.swift */; };
		96D011862746A9D2009A501A /* EventDetailView.swift in Sources */ = {isa = PBXBuildFile; fileRef = 96D011852746A9D2009A501A /* EventDetailView.swift */; };
		96F7ECC926F622D400D83C76 /* GoogleService-Info.plist in Resources */ = {isa = PBXBuildFile; fileRef = 96F7ECC826F622D400D83C76 /* GoogleService-Info.plist */; };
/* End PBXBuildFile section */

/* Begin PBXContainerItemProxy section */
		96C43A9026F38D8D0046A3B8 /* PBXContainerItemProxy */ = {
			isa = PBXContainerItemProxy;
			containerPortal = 96C43A7626F38D8B0046A3B8 /* Project object */;
			proxyType = 1;
			remoteGlobalIDString = 96C43A7D26F38D8C0046A3B8;
			remoteInfo = TaskAttack;
		};
		96C43A9B26F38D8D0046A3B8 /* PBXContainerItemProxy */ = {
			isa = PBXContainerItemProxy;
			containerPortal = 96C43A7626F38D8B0046A3B8 /* Project object */;
			proxyType = 1;
			remoteGlobalIDString = 96C43A7D26F38D8C0046A3B8;
			remoteInfo = TaskAttack;
		};
/* End PBXContainerItemProxy section */

/* Begin PBXFileReference section */
		964030FD2736CBB7002D6374 /* Event.swift */ = {isa = PBXFileReference; lastKnownFileType = sourcecode.swift; path = Event.swift; sourceTree = "<group>"; };
		964030FF2736CFA4002D6374 /* EventListViewModel.swift */ = {isa = PBXFileReference; lastKnownFileType = sourcecode.swift; path = EventListViewModel.swift; sourceTree = "<group>"; };
		964031012736CFFE002D6374 /* EventRepository.swift */ = {isa = PBXFileReference; lastKnownFileType = sourcecode.swift; path = EventRepository.swift; sourceTree = "<group>"; };
		964031032736D15C002D6374 /* EventCellViewModel.swift */ = {isa = PBXFileReference; lastKnownFileType = sourcecode.swift; path = EventCellViewModel.swift; sourceTree = "<group>"; };
		964031052736D3A3002D6374 /* EventListView.swift */ = {isa = PBXFileReference; lastKnownFileType = sourcecode.swift; path = EventListView.swift; sourceTree = "<group>"; };
		964CEF2426F62AB8002D6A04 /* TaskRepository.swift */ = {isa = PBXFileReference; lastKnownFileType = sourcecode.swift; path = TaskRepository.swift; sourceTree = "<group>"; };
		9656B2C326FEC3DE00BDC7D2 /* SignInWithAppleCoordinator.swift */ = {isa = PBXFileReference; lastKnownFileType = sourcecode.swift; path = SignInWithAppleCoordinator.swift; sourceTree = "<group>"; };
		965BBE3026F5113B00E3FEDE /* TaskCellViewModel.swift */ = {isa = PBXFileReference; lastKnownFileType = sourcecode.swift; path = TaskCellViewModel.swift; sourceTree = "<group>"; };
		965BBE3226F5132600E3FEDE /* TaskListViewModel.swift */ = {isa = PBXFileReference; lastKnownFileType = sourcecode.swift; path = TaskListViewModel.swift; sourceTree = "<group>"; };
		96863F282721C68200272EBE /* DateExtension.swift */ = {isa = PBXFileReference; lastKnownFileType = sourcecode.swift; path = DateExtension.swift; sourceTree = "<group>"; };
		9699AE22272D9482002F4ABF /* MonthViewModel.swift */ = {isa = PBXFileReference; lastKnownFileType = sourcecode.swift; path = MonthViewModel.swift; sourceTree = "<group>"; };
		96A32FF927342DBF00190C2D /* DayView.swift */ = {isa = PBXFileReference; lastKnownFileType = sourcecode.swift; path = DayView.swift; sourceTree = "<group>"; };
		96BD6D332718600200844130 /* MonthView.swift */ = {isa = PBXFileReference; lastKnownFileType = sourcecode.swift; path = MonthView.swift; sourceTree = "<group>"; };
		96BD6D352718630B00844130 /* MainView.swift */ = {isa = PBXFileReference; lastKnownFileType = sourcecode.swift; path = MainView.swift; sourceTree = "<group>"; };
		96BE2E8E26FCCB1400F4179C /* SigninWithAppleButton.swift */ = {isa = PBXFileReference; lastKnownFileType = sourcecode.swift; path = SigninWithAppleButton.swift; sourceTree = "<group>"; };
		96BE2E9026FCCC2F00F4179C /* SigninView.swift */ = {isa = PBXFileReference; lastKnownFileType = sourcecode.swift; path = SigninView.swift; sourceTree = "<group>"; };
		96C43A7E26F38D8C0046A3B8 /* TaskAttack.app */ = {isa = PBXFileReference; explicitFileType = wrapper.application; includeInIndex = 0; path = TaskAttack.app; sourceTree = BUILT_PRODUCTS_DIR; };
		96C43A8126F38D8C0046A3B8 /* TaskAttackApp.swift */ = {isa = PBXFileReference; lastKnownFileType = sourcecode.swift; path = TaskAttackApp.swift; sourceTree = "<group>"; };
		96C43A8326F38D8C0046A3B8 /* TaskListView.swift */ = {isa = PBXFileReference; lastKnownFileType = sourcecode.swift; path = TaskListView.swift; sourceTree = "<group>"; };
		96C43A8526F38D8D0046A3B8 /* Assets.xcassets */ = {isa = PBXFileReference; lastKnownFileType = folder.assetcatalog; path = Assets.xcassets; sourceTree = "<group>"; };
		96C43A8826F38D8D0046A3B8 /* Preview Assets.xcassets */ = {isa = PBXFileReference; lastKnownFileType = folder.assetcatalog; path = "Preview Assets.xcassets"; sourceTree = "<group>"; };
		96C43A8A26F38D8D0046A3B8 /* Info.plist */ = {isa = PBXFileReference; lastKnownFileType = text.plist.xml; path = Info.plist; sourceTree = "<group>"; };
		96C43A8F26F38D8D0046A3B8 /* TaskAttackTests.xctest */ = {isa = PBXFileReference; explicitFileType = wrapper.cfbundle; includeInIndex = 0; path = TaskAttackTests.xctest; sourceTree = BUILT_PRODUCTS_DIR; };
		96C43A9326F38D8D0046A3B8 /* TaskAttackTests.swift */ = {isa = PBXFileReference; lastKnownFileType = sourcecode.swift; path = TaskAttackTests.swift; sourceTree = "<group>"; };
		96C43A9526F38D8D0046A3B8 /* Info.plist */ = {isa = PBXFileReference; lastKnownFileType = text.plist.xml; path = Info.plist; sourceTree = "<group>"; };
		96C43A9A26F38D8D0046A3B8 /* TaskAttackUITests.xctest */ = {isa = PBXFileReference; explicitFileType = wrapper.cfbundle; includeInIndex = 0; path = TaskAttackUITests.xctest; sourceTree = BUILT_PRODUCTS_DIR; };
		96C43A9E26F38D8D0046A3B8 /* TaskAttackUITests.swift */ = {isa = PBXFileReference; lastKnownFileType = sourcecode.swift; path = TaskAttackUITests.swift; sourceTree = "<group>"; };
		96C43AA026F38D8D0046A3B8 /* Info.plist */ = {isa = PBXFileReference; lastKnownFileType = text.plist.xml; path = Info.plist; sourceTree = "<group>"; };
		96C43AC326F39F670046A3B8 /* Task.swift */ = {isa = PBXFileReference; lastKnownFileType = sourcecode.swift; path = Task.swift; sourceTree = "<group>"; };
		96D011852746A9D2009A501A /* EventDetailView.swift */ = {isa = PBXFileReference; lastKnownFileType = sourcecode.swift; path = EventDetailView.swift; sourceTree = "<group>"; };
		96F5965B26FECD9600F4628F /* TaskAttack.entitlements */ = {isa = PBXFileReference; lastKnownFileType = text.plist.entitlements; path = TaskAttack.entitlements; sourceTree = "<group>"; };
		96F7ECC826F622D400D83C76 /* GoogleService-Info.plist */ = {isa = PBXFileReference; fileEncoding = 4; lastKnownFileType = text.plist.xml; path = "GoogleService-Info.plist"; sourceTree = "<group>"; };
/* End PBXFileReference section */

/* Begin PBXFrameworksBuildPhase section */
		96C43A7B26F38D8C0046A3B8 /* Frameworks */ = {
			isa = PBXFrameworksBuildPhase;
			buildActionMask = 2147483647;
			files = (
				9625AB67273D7E2400E31242 /* FirebaseDatabaseSwift-Beta in Frameworks */,
				9625AB65273D7E2400E31242 /* FirebaseDatabase in Frameworks */,
				9625AB6D273D7E2400E31242 /* FirebaseStorage in Frameworks */,
				9625AB5F273D7E2400E31242 /* FirebaseAnalyticsSwift-Beta in Frameworks */,
				9625AB5D273D7E2400E31242 /* FirebaseAnalytics in Frameworks */,
				9625AB6F273D7E2400E31242 /* FirebaseStorageSwift-Beta in Frameworks */,
				9625AB61273D7E2400E31242 /* FirebaseAppDistribution-Beta in Frameworks */,
				9625AB6B273D7E2400E31242 /* FirebaseFirestoreSwift-Beta in Frameworks */,
				9625AB63273D7E2400E31242 /* FirebaseAuth in Frameworks */,
				9625AB69273D7E2400E31242 /* FirebaseFirestore in Frameworks */,
			);
			runOnlyForDeploymentPostprocessing = 0;
		};
		96C43A8C26F38D8D0046A3B8 /* Frameworks */ = {
			isa = PBXFrameworksBuildPhase;
			buildActionMask = 2147483647;
			files = (
			);
			runOnlyForDeploymentPostprocessing = 0;
		};
		96C43A9726F38D8D0046A3B8 /* Frameworks */ = {
			isa = PBXFrameworksBuildPhase;
			buildActionMask = 2147483647;
			files = (
			);
			runOnlyForDeploymentPostprocessing = 0;
		};
/* End PBXFrameworksBuildPhase section */

/* Begin PBXGroup section */
		964CEF2326F62A8F002D6A04 /* Repositories */ = {
			isa = PBXGroup;
			children = (
				964CEF2426F62AB8002D6A04 /* TaskRepository.swift */,
				964031012736CFFE002D6374 /* EventRepository.swift */,
			);
			path = Repositories;
			sourceTree = "<group>";
		};
		9656B2C226FEC3BB00BDC7D2 /* Services */ = {
			isa = PBXGroup;
			children = (
				9656B2C326FEC3DE00BDC7D2 /* SignInWithAppleCoordinator.swift */,
			);
			path = Services;
			sourceTree = "<group>";
		};
		965BBE2F26F5110500E3FEDE /* ViewModels */ = {
			isa = PBXGroup;
			children = (
				965BBE3026F5113B00E3FEDE /* TaskCellViewModel.swift */,
				964031032736D15C002D6374 /* EventCellViewModel.swift */,
				965BBE3226F5132600E3FEDE /* TaskListViewModel.swift */,
				964030FF2736CFA4002D6374 /* EventListViewModel.swift */,
				9699AE22272D9482002F4ABF /* MonthViewModel.swift */,
			);
			path = ViewModels;
			sourceTree = "<group>";
		};
		96863F272721C66A00272EBE /* Extensions */ = {
			isa = PBXGroup;
			children = (
				96863F282721C68200272EBE /* DateExtension.swift */,
			);
			path = Extensions;
			sourceTree = "<group>";
		};
		96C43A7526F38D8B0046A3B8 = {
			isa = PBXGroup;
			children = (
				96C43A8026F38D8C0046A3B8 /* TaskAttack */,
				96C43A9226F38D8D0046A3B8 /* TaskAttackTests */,
				96C43A9D26F38D8D0046A3B8 /* TaskAttackUITests */,
				96C43A7F26F38D8C0046A3B8 /* Products */,
			);
			sourceTree = "<group>";
		};
		96C43A7F26F38D8C0046A3B8 /* Products */ = {
			isa = PBXGroup;
			children = (
				96C43A7E26F38D8C0046A3B8 /* TaskAttack.app */,
				96C43A8F26F38D8D0046A3B8 /* TaskAttackTests.xctest */,
				96C43A9A26F38D8D0046A3B8 /* TaskAttackUITests.xctest */,
			);
			name = Products;
			sourceTree = "<group>";
		};
		96C43A8026F38D8C0046A3B8 /* TaskAttack */ = {
			isa = PBXGroup;
			children = (
				96863F272721C66A00272EBE /* Extensions */,
				96F5965B26FECD9600F4628F /* TaskAttack.entitlements */,
				96C43AC526F3A0B90046A3B8 /* App */,
				9656B2C226FEC3BB00BDC7D2 /* Services */,
				964CEF2326F62A8F002D6A04 /* Repositories */,
				96C43AC226F39F430046A3B8 /* Model */,
				965BBE2F26F5110500E3FEDE /* ViewModels */,
				96C43AC626F3A4E00046A3B8 /* Views */,
				96C43A8526F38D8D0046A3B8 /* Assets.xcassets */,
				96C43A8A26F38D8D0046A3B8 /* Info.plist */,
				96F7ECC826F622D400D83C76 /* GoogleService-Info.plist */,
				96C43A8726F38D8D0046A3B8 /* Preview Content */,
			);
			path = TaskAttack;
			sourceTree = "<group>";
		};
		96C43A8726F38D8D0046A3B8 /* Preview Content */ = {
			isa = PBXGroup;
			children = (
				96C43A8826F38D8D0046A3B8 /* Preview Assets.xcassets */,
			);
			path = "Preview Content";
			sourceTree = "<group>";
		};
		96C43A9226F38D8D0046A3B8 /* TaskAttackTests */ = {
			isa = PBXGroup;
			children = (
				96C43A9326F38D8D0046A3B8 /* TaskAttackTests.swift */,
				96C43A9526F38D8D0046A3B8 /* Info.plist */,
			);
			path = TaskAttackTests;
			sourceTree = "<group>";
		};
		96C43A9D26F38D8D0046A3B8 /* TaskAttackUITests */ = {
			isa = PBXGroup;
			children = (
				96C43A9E26F38D8D0046A3B8 /* TaskAttackUITests.swift */,
				96C43AA026F38D8D0046A3B8 /* Info.plist */,
			);
			path = TaskAttackUITests;
			sourceTree = "<group>";
		};
		96C43AC226F39F430046A3B8 /* Model */ = {
			isa = PBXGroup;
			children = (
				96C43AC326F39F670046A3B8 /* Task.swift */,
				964030FD2736CBB7002D6374 /* Event.swift */,
			);
			path = Model;
			sourceTree = "<group>";
		};
		96C43AC526F3A0B90046A3B8 /* App */ = {
			isa = PBXGroup;
			children = (
				96C43A8126F38D8C0046A3B8 /* TaskAttackApp.swift */,
			);
			path = App;
			sourceTree = "<group>";
		};
		96C43AC626F3A4E00046A3B8 /* Views */ = {
			isa = PBXGroup;
			children = (
				96BD6D352718630B00844130 /* MainView.swift */,
				96BD6D332718600200844130 /* MonthView.swift */,
				96C43A8326F38D8C0046A3B8 /* TaskListView.swift */,
				964031052736D3A3002D6374 /* EventListView.swift */,
				96BE2E8E26FCCB1400F4179C /* SigninWithAppleButton.swift */,
				96BE2E9026FCCC2F00F4179C /* SigninView.swift */,
				96A32FF927342DBF00190C2D /* DayView.swift */,
				96D011852746A9D2009A501A /* EventDetailView.swift */,
			);
			path = Views;
			sourceTree = "<group>";
		};
/* End PBXGroup section */

/* Begin PBXNativeTarget section */
		96C43A7D26F38D8C0046A3B8 /* TaskAttack */ = {
			isa = PBXNativeTarget;
			buildConfigurationList = 96C43AA326F38D8D0046A3B8 /* Build configuration list for PBXNativeTarget "TaskAttack" */;
			buildPhases = (
				96C43A7A26F38D8C0046A3B8 /* Sources */,
				96C43A7B26F38D8C0046A3B8 /* Frameworks */,
				96C43A7C26F38D8C0046A3B8 /* Resources */,
			);
			buildRules = (
			);
			dependencies = (
			);
			name = TaskAttack;
			packageProductDependencies = (
				9625AB5C273D7E2400E31242 /* FirebaseAnalytics */,
				9625AB5E273D7E2400E31242 /* FirebaseAnalyticsSwift-Beta */,
				9625AB60273D7E2400E31242 /* FirebaseAppDistribution-Beta */,
				9625AB62273D7E2400E31242 /* FirebaseAuth */,
				9625AB64273D7E2400E31242 /* FirebaseDatabase */,
				9625AB66273D7E2400E31242 /* FirebaseDatabaseSwift-Beta */,
				9625AB68273D7E2400E31242 /* FirebaseFirestore */,
				9625AB6A273D7E2400E31242 /* FirebaseFirestoreSwift-Beta */,
				9625AB6C273D7E2400E31242 /* FirebaseStorage */,
				9625AB6E273D7E2400E31242 /* FirebaseStorageSwift-Beta */,
			);
			productName = TaskAttack;
			productReference = 96C43A7E26F38D8C0046A3B8 /* TaskAttack.app */;
			productType = "com.apple.product-type.application";
		};
		96C43A8E26F38D8D0046A3B8 /* TaskAttackTests */ = {
			isa = PBXNativeTarget;
			buildConfigurationList = 96C43AA626F38D8D0046A3B8 /* Build configuration list for PBXNativeTarget "TaskAttackTests" */;
			buildPhases = (
				96C43A8B26F38D8D0046A3B8 /* Sources */,
				96C43A8C26F38D8D0046A3B8 /* Frameworks */,
				96C43A8D26F38D8D0046A3B8 /* Resources */,
			);
			buildRules = (
			);
			dependencies = (
				96C43A9126F38D8D0046A3B8 /* PBXTargetDependency */,
			);
			name = TaskAttackTests;
			productName = TaskAttackTests;
			productReference = 96C43A8F26F38D8D0046A3B8 /* TaskAttackTests.xctest */;
			productType = "com.apple.product-type.bundle.unit-test";
		};
		96C43A9926F38D8D0046A3B8 /* TaskAttackUITests */ = {
			isa = PBXNativeTarget;
			buildConfigurationList = 96C43AA926F38D8D0046A3B8 /* Build configuration list for PBXNativeTarget "TaskAttackUITests" */;
			buildPhases = (
				96C43A9626F38D8D0046A3B8 /* Sources */,
				96C43A9726F38D8D0046A3B8 /* Frameworks */,
				96C43A9826F38D8D0046A3B8 /* Resources */,
			);
			buildRules = (
			);
			dependencies = (
				96C43A9C26F38D8D0046A3B8 /* PBXTargetDependency */,
			);
			name = TaskAttackUITests;
			productName = TaskAttackUITests;
			productReference = 96C43A9A26F38D8D0046A3B8 /* TaskAttackUITests.xctest */;
			productType = "com.apple.product-type.bundle.ui-testing";
		};
/* End PBXNativeTarget section */

/* Begin PBXProject section */
		96C43A7626F38D8B0046A3B8 /* Project object */ = {
			isa = PBXProject;
			attributes = {
				LastSwiftUpdateCheck = 1250;
				LastUpgradeCheck = 1250;
				TargetAttributes = {
					96C43A7D26F38D8C0046A3B8 = {
						CreatedOnToolsVersion = 12.5.1;
					};
					96C43A8E26F38D8D0046A3B8 = {
						CreatedOnToolsVersion = 12.5.1;
						TestTargetID = 96C43A7D26F38D8C0046A3B8;
					};
					96C43A9926F38D8D0046A3B8 = {
						CreatedOnToolsVersion = 12.5.1;
						TestTargetID = 96C43A7D26F38D8C0046A3B8;
					};
				};
			};
			buildConfigurationList = 96C43A7926F38D8B0046A3B8 /* Build configuration list for PBXProject "TaskAttack" */;
			compatibilityVersion = "Xcode 9.3";
			developmentRegion = en;
			hasScannedForEncodings = 0;
			knownRegions = (
				en,
				Base,
			);
			mainGroup = 96C43A7526F38D8B0046A3B8;
			packageReferences = (
				9625AB5B273D7E2400E31242 /* XCRemoteSwiftPackageReference "firebase-ios-sdk" */,
			);
			productRefGroup = 96C43A7F26F38D8C0046A3B8 /* Products */;
			projectDirPath = "";
			projectRoot = "";
			targets = (
				96C43A7D26F38D8C0046A3B8 /* TaskAttack */,
				96C43A8E26F38D8D0046A3B8 /* TaskAttackTests */,
				96C43A9926F38D8D0046A3B8 /* TaskAttackUITests */,
			);
		};
/* End PBXProject section */

/* Begin PBXResourcesBuildPhase section */
		96C43A7C26F38D8C0046A3B8 /* Resources */ = {
			isa = PBXResourcesBuildPhase;
			buildActionMask = 2147483647;
			files = (
				96C43A8926F38D8D0046A3B8 /* Preview Assets.xcassets in Resources */,
				96C43A8626F38D8D0046A3B8 /* Assets.xcassets in Resources */,
				96F7ECC926F622D400D83C76 /* GoogleService-Info.plist in Resources */,
			);
			runOnlyForDeploymentPostprocessing = 0;
		};
		96C43A8D26F38D8D0046A3B8 /* Resources */ = {
			isa = PBXResourcesBuildPhase;
			buildActionMask = 2147483647;
			files = (
			);
			runOnlyForDeploymentPostprocessing = 0;
		};
		96C43A9826F38D8D0046A3B8 /* Resources */ = {
			isa = PBXResourcesBuildPhase;
			buildActionMask = 2147483647;
			files = (
			);
			runOnlyForDeploymentPostprocessing = 0;
		};
/* End PBXResourcesBuildPhase section */

/* Begin PBXSourcesBuildPhase section */
		96C43A7A26F38D8C0046A3B8 /* Sources */ = {
			isa = PBXSourcesBuildPhase;
			buildActionMask = 2147483647;
			files = (
				964CEF2526F62AB8002D6A04 /* TaskRepository.swift in Sources */,
				96863F292721C68200272EBE /* DateExtension.swift in Sources */,
				96A32FFA27342DBF00190C2D /* DayView.swift in Sources */,
				96BD6D342718600200844130 /* MonthView.swift in Sources */,
				96D011862746A9D2009A501A /* EventDetailView.swift in Sources */,
				964030FE2736CBB7002D6374 /* Event.swift in Sources */,
				96BE2E8F26FCCB1400F4179C /* SigninWithAppleButton.swift in Sources */,
				96C43A8426F38D8C0046A3B8 /* TaskListView.swift in Sources */,
				9699AE23272D9482002F4ABF /* MonthViewModel.swift in Sources */,
				964031062736D3A3002D6374 /* EventListView.swift in Sources */,
				9656B2C426FEC3DE00BDC7D2 /* SignInWithAppleCoordinator.swift in Sources */,
				965BBE3126F5113B00E3FEDE /* TaskCellViewModel.swift in Sources */,
				965BBE3326F5132600E3FEDE /* TaskListViewModel.swift in Sources */,
				96BD6D362718630C00844130 /* MainView.swift in Sources */,
				96C43AC426F39F670046A3B8 /* Task.swift in Sources */,
				964031042736D15C002D6374 /* EventCellViewModel.swift in Sources */,
				964031022736CFFE002D6374 /* EventRepository.swift in Sources */,
				964031002736CFA4002D6374 /* EventListViewModel.swift in Sources */,
				96BE2E9126FCCC2F00F4179C /* SigninView.swift in Sources */,
				96C43A8226F38D8C0046A3B8 /* TaskAttackApp.swift in Sources */,
			);
			runOnlyForDeploymentPostprocessing = 0;
		};
		96C43A8B26F38D8D0046A3B8 /* Sources */ = {
			isa = PBXSourcesBuildPhase;
			buildActionMask = 2147483647;
			files = (
				96C43A9426F38D8D0046A3B8 /* TaskAttackTests.swift in Sources */,
			);
			runOnlyForDeploymentPostprocessing = 0;
		};
		96C43A9626F38D8D0046A3B8 /* Sources */ = {
			isa = PBXSourcesBuildPhase;
			buildActionMask = 2147483647;
			files = (
				96C43A9F26F38D8D0046A3B8 /* TaskAttackUITests.swift in Sources */,
			);
			runOnlyForDeploymentPostprocessing = 0;
		};
/* End PBXSourcesBuildPhase section */

/* Begin PBXTargetDependency section */
		96C43A9126F38D8D0046A3B8 /* PBXTargetDependency */ = {
			isa = PBXTargetDependency;
			target = 96C43A7D26F38D8C0046A3B8 /* TaskAttack */;
			targetProxy = 96C43A9026F38D8D0046A3B8 /* PBXContainerItemProxy */;
		};
		96C43A9C26F38D8D0046A3B8 /* PBXTargetDependency */ = {
			isa = PBXTargetDependency;
			target = 96C43A7D26F38D8C0046A3B8 /* TaskAttack */;
			targetProxy = 96C43A9B26F38D8D0046A3B8 /* PBXContainerItemProxy */;
		};
/* End PBXTargetDependency section */

/* Begin XCBuildConfiguration section */
		96C43AA126F38D8D0046A3B8 /* Debug */ = {
			isa = XCBuildConfiguration;
			buildSettings = {
				ALWAYS_SEARCH_USER_PATHS = NO;
				CLANG_ANALYZER_NONNULL = YES;
				CLANG_ANALYZER_NUMBER_OBJECT_CONVERSION = YES_AGGRESSIVE;
				CLANG_CXX_LANGUAGE_STANDARD = "gnu++14";
				CLANG_CXX_LIBRARY = "libc++";
				CLANG_ENABLE_MODULES = YES;
				CLANG_ENABLE_OBJC_ARC = YES;
				CLANG_ENABLE_OBJC_WEAK = YES;
				CLANG_WARN_BLOCK_CAPTURE_AUTORELEASING = YES;
				CLANG_WARN_BOOL_CONVERSION = YES;
				CLANG_WARN_COMMA = YES;
				CLANG_WARN_CONSTANT_CONVERSION = YES;
				CLANG_WARN_DEPRECATED_OBJC_IMPLEMENTATIONS = YES;
				CLANG_WARN_DIRECT_OBJC_ISA_USAGE = YES_ERROR;
				CLANG_WARN_DOCUMENTATION_COMMENTS = YES;
				CLANG_WARN_EMPTY_BODY = YES;
				CLANG_WARN_ENUM_CONVERSION = YES;
				CLANG_WARN_INFINITE_RECURSION = YES;
				CLANG_WARN_INT_CONVERSION = YES;
				CLANG_WARN_NON_LITERAL_NULL_CONVERSION = YES;
				CLANG_WARN_OBJC_IMPLICIT_RETAIN_SELF = YES;
				CLANG_WARN_OBJC_LITERAL_CONVERSION = YES;
				CLANG_WARN_OBJC_ROOT_CLASS = YES_ERROR;
				CLANG_WARN_QUOTED_INCLUDE_IN_FRAMEWORK_HEADER = YES;
				CLANG_WARN_RANGE_LOOP_ANALYSIS = YES;
				CLANG_WARN_STRICT_PROTOTYPES = YES;
				CLANG_WARN_SUSPICIOUS_MOVE = YES;
				CLANG_WARN_UNGUARDED_AVAILABILITY = YES_AGGRESSIVE;
				CLANG_WARN_UNREACHABLE_CODE = YES;
				CLANG_WARN__DUPLICATE_METHOD_MATCH = YES;
				COPY_PHASE_STRIP = NO;
				DEBUG_INFORMATION_FORMAT = dwarf;
				ENABLE_STRICT_OBJC_MSGSEND = YES;
				ENABLE_TESTABILITY = YES;
				GCC_C_LANGUAGE_STANDARD = gnu11;
				GCC_DYNAMIC_NO_PIC = NO;
				GCC_NO_COMMON_BLOCKS = YES;
				GCC_OPTIMIZATION_LEVEL = 0;
				GCC_PREPROCESSOR_DEFINITIONS = (
					"DEBUG=1",
					"$(inherited)",
				);
				GCC_WARN_64_TO_32_BIT_CONVERSION = YES;
				GCC_WARN_ABOUT_RETURN_TYPE = YES_ERROR;
				GCC_WARN_UNDECLARED_SELECTOR = YES;
				GCC_WARN_UNINITIALIZED_AUTOS = YES_AGGRESSIVE;
				GCC_WARN_UNUSED_FUNCTION = YES;
				GCC_WARN_UNUSED_VARIABLE = YES;
				IPHONEOS_DEPLOYMENT_TARGET = 15.0;
				MTL_ENABLE_DEBUG_INFO = INCLUDE_SOURCE;
				MTL_FAST_MATH = YES;
				ONLY_ACTIVE_ARCH = YES;
				SDKROOT = iphoneos;
				SWIFT_ACTIVE_COMPILATION_CONDITIONS = DEBUG;
				SWIFT_OPTIMIZATION_LEVEL = "-Onone";
			};
			name = Debug;
		};
		96C43AA226F38D8D0046A3B8 /* Release */ = {
			isa = XCBuildConfiguration;
			buildSettings = {
				ALWAYS_SEARCH_USER_PATHS = NO;
				CLANG_ANALYZER_NONNULL = YES;
				CLANG_ANALYZER_NUMBER_OBJECT_CONVERSION = YES_AGGRESSIVE;
				CLANG_CXX_LANGUAGE_STANDARD = "gnu++14";
				CLANG_CXX_LIBRARY = "libc++";
				CLANG_ENABLE_MODULES = YES;
				CLANG_ENABLE_OBJC_ARC = YES;
				CLANG_ENABLE_OBJC_WEAK = YES;
				CLANG_WARN_BLOCK_CAPTURE_AUTORELEASING = YES;
				CLANG_WARN_BOOL_CONVERSION = YES;
				CLANG_WARN_COMMA = YES;
				CLANG_WARN_CONSTANT_CONVERSION = YES;
				CLANG_WARN_DEPRECATED_OBJC_IMPLEMENTATIONS = YES;
				CLANG_WARN_DIRECT_OBJC_ISA_USAGE = YES_ERROR;
				CLANG_WARN_DOCUMENTATION_COMMENTS = YES;
				CLANG_WARN_EMPTY_BODY = YES;
				CLANG_WARN_ENUM_CONVERSION = YES;
				CLANG_WARN_INFINITE_RECURSION = YES;
				CLANG_WARN_INT_CONVERSION = YES;
				CLANG_WARN_NON_LITERAL_NULL_CONVERSION = YES;
				CLANG_WARN_OBJC_IMPLICIT_RETAIN_SELF = YES;
				CLANG_WARN_OBJC_LITERAL_CONVERSION = YES;
				CLANG_WARN_OBJC_ROOT_CLASS = YES_ERROR;
				CLANG_WARN_QUOTED_INCLUDE_IN_FRAMEWORK_HEADER = YES;
				CLANG_WARN_RANGE_LOOP_ANALYSIS = YES;
				CLANG_WARN_STRICT_PROTOTYPES = YES;
				CLANG_WARN_SUSPICIOUS_MOVE = YES;
				CLANG_WARN_UNGUARDED_AVAILABILITY = YES_AGGRESSIVE;
				CLANG_WARN_UNREACHABLE_CODE = YES;
				CLANG_WARN__DUPLICATE_METHOD_MATCH = YES;
				COPY_PHASE_STRIP = NO;
				DEBUG_INFORMATION_FORMAT = "dwarf-with-dsym";
				ENABLE_NS_ASSERTIONS = NO;
				ENABLE_STRICT_OBJC_MSGSEND = YES;
				GCC_C_LANGUAGE_STANDARD = gnu11;
				GCC_NO_COMMON_BLOCKS = YES;
				GCC_WARN_64_TO_32_BIT_CONVERSION = YES;
				GCC_WARN_ABOUT_RETURN_TYPE = YES_ERROR;
				GCC_WARN_UNDECLARED_SELECTOR = YES;
				GCC_WARN_UNINITIALIZED_AUTOS = YES_AGGRESSIVE;
				GCC_WARN_UNUSED_FUNCTION = YES;
				GCC_WARN_UNUSED_VARIABLE = YES;
				IPHONEOS_DEPLOYMENT_TARGET = 15.0;
				MTL_ENABLE_DEBUG_INFO = NO;
				MTL_FAST_MATH = YES;
				SDKROOT = iphoneos;
				SWIFT_COMPILATION_MODE = wholemodule;
				SWIFT_OPTIMIZATION_LEVEL = "-O";
				VALIDATE_PRODUCT = YES;
			};
			name = Release;
		};
		96C43AA426F38D8D0046A3B8 /* Debug */ = {
			isa = XCBuildConfiguration;
			buildSettings = {
				ASSETCATALOG_COMPILER_APPICON_NAME = TAIcon;
				ASSETCATALOG_COMPILER_GLOBAL_ACCENT_COLOR_NAME = AccentColor;
				ASSETCATALOG_COMPILER_INCLUDE_ALL_APPICON_ASSETS = NO;
				CODE_SIGN_ENTITLEMENTS = TaskAttack/TaskAttack.entitlements;
				CODE_SIGN_STYLE = Automatic;
				DEVELOPMENT_ASSET_PATHS = "\"TaskAttack/Preview Content\"";
				DEVELOPMENT_TEAM = 645Q98P44Q;
				ENABLE_PREVIEWS = YES;
				INFOPLIST_FILE = TaskAttack/Info.plist;
				IPHONEOS_DEPLOYMENT_TARGET = 14.0;
				LD_RUNPATH_SEARCH_PATHS = (
					"$(inherited)",
					"@executable_path/Frameworks",
				);
				PRODUCT_BUNDLE_IDENTIFIER = HomeCodeWithJake.TaskAttack;
				PRODUCT_NAME = "$(TARGET_NAME)";
				SWIFT_VERSION = 5.0;
				TARGETED_DEVICE_FAMILY = "1,2";
			};
			name = Debug;
		};
		96C43AA526F38D8D0046A3B8 /* Release */ = {
			isa = XCBuildConfiguration;
			buildSettings = {
				ASSETCATALOG_COMPILER_APPICON_NAME = TAIcon;
				ASSETCATALOG_COMPILER_GLOBAL_ACCENT_COLOR_NAME = AccentColor;
				ASSETCATALOG_COMPILER_INCLUDE_ALL_APPICON_ASSETS = NO;
				CODE_SIGN_ENTITLEMENTS = TaskAttack/TaskAttack.entitlements;
				CODE_SIGN_STYLE = Automatic;
				DEVELOPMENT_ASSET_PATHS = "\"TaskAttack/Preview Content\"";
				DEVELOPMENT_TEAM = 645Q98P44Q;
				ENABLE_PREVIEWS = YES;
				INFOPLIST_FILE = TaskAttack/Info.plist;
				IPHONEOS_DEPLOYMENT_TARGET = 14.0;
				LD_RUNPATH_SEARCH_PATHS = (
					"$(inherited)",
					"@executable_path/Frameworks",
				);
				PRODUCT_BUNDLE_IDENTIFIER = HomeCodeWithJake.TaskAttack;
				PRODUCT_NAME = "$(TARGET_NAME)";
				SWIFT_VERSION = 5.0;
				TARGETED_DEVICE_FAMILY = "1,2";
			};
			name = Release;
		};
		96C43AA726F38D8D0046A3B8 /* Debug */ = {
			isa = XCBuildConfiguration;
			buildSettings = {
				ALWAYS_EMBED_SWIFT_STANDARD_LIBRARIES = YES;
				BUNDLE_LOADER = "$(TEST_HOST)";
				CODE_SIGN_STYLE = Automatic;
				DEVELOPMENT_TEAM = 645Q98P44Q;
				INFOPLIST_FILE = TaskAttackTests/Info.plist;
				IPHONEOS_DEPLOYMENT_TARGET = 14.0;
				LD_RUNPATH_SEARCH_PATHS = (
					"$(inherited)",
					"@executable_path/Frameworks",
					"@loader_path/Frameworks",
				);
				PRODUCT_BUNDLE_IDENTIFIER = HomeCodeWithJake.TaskAttackTests;
				PRODUCT_NAME = "$(TARGET_NAME)";
				SWIFT_VERSION = 5.0;
				TARGETED_DEVICE_FAMILY = "1,2";
				TEST_HOST = "$(BUILT_PRODUCTS_DIR)/TaskAttack.app/TaskAttack";
			};
			name = Debug;
		};
		96C43AA826F38D8D0046A3B8 /* Release */ = {
			isa = XCBuildConfiguration;
			buildSettings = {
				ALWAYS_EMBED_SWIFT_STANDARD_LIBRARIES = YES;
				BUNDLE_LOADER = "$(TEST_HOST)";
				CODE_SIGN_STYLE = Automatic;
				DEVELOPMENT_TEAM = 645Q98P44Q;
				INFOPLIST_FILE = TaskAttackTests/Info.plist;
				IPHONEOS_DEPLOYMENT_TARGET = 14.0;
				LD_RUNPATH_SEARCH_PATHS = (
					"$(inherited)",
					"@executable_path/Frameworks",
					"@loader_path/Frameworks",
				);
				PRODUCT_BUNDLE_IDENTIFIER = HomeCodeWithJake.TaskAttackTests;
				PRODUCT_NAME = "$(TARGET_NAME)";
				SWIFT_VERSION = 5.0;
				TARGETED_DEVICE_FAMILY = "1,2";
				TEST_HOST = "$(BUILT_PRODUCTS_DIR)/TaskAttack.app/TaskAttack";
			};
			name = Release;
		};
		96C43AAA26F38D8D0046A3B8 /* Debug */ = {
			isa = XCBuildConfiguration;
			buildSettings = {
				ALWAYS_EMBED_SWIFT_STANDARD_LIBRARIES = YES;
				CODE_SIGN_STYLE = Automatic;
				DEVELOPMENT_TEAM = 645Q98P44Q;
				INFOPLIST_FILE = TaskAttackUITests/Info.plist;
				LD_RUNPATH_SEARCH_PATHS = (
					"$(inherited)",
					"@executable_path/Frameworks",
					"@loader_path/Frameworks",
				);
				PRODUCT_BUNDLE_IDENTIFIER = HomeCodeWithJake.TaskAttackUITests;
				PRODUCT_NAME = "$(TARGET_NAME)";
				SWIFT_VERSION = 5.0;
				TARGETED_DEVICE_FAMILY = "1,2";
				TEST_TARGET_NAME = TaskAttack;
			};
			name = Debug;
		};
		96C43AAB26F38D8D0046A3B8 /* Release */ = {
			isa = XCBuildConfiguration;
			buildSettings = {
				ALWAYS_EMBED_SWIFT_STANDARD_LIBRARIES = YES;
				CODE_SIGN_STYLE = Automatic;
				DEVELOPMENT_TEAM = 645Q98P44Q;
				INFOPLIST_FILE = TaskAttackUITests/Info.plist;
				LD_RUNPATH_SEARCH_PATHS = (
					"$(inherited)",
					"@executable_path/Frameworks",
					"@loader_path/Frameworks",
				);
				PRODUCT_BUNDLE_IDENTIFIER = HomeCodeWithJake.TaskAttackUITests;
				PRODUCT_NAME = "$(TARGET_NAME)";
				SWIFT_VERSION = 5.0;
				TARGETED_DEVICE_FAMILY = "1,2";
				TEST_TARGET_NAME = TaskAttack;
			};
			name = Release;
		};
/* End XCBuildConfiguration section */

/* Begin XCConfigurationList section */
		96C43A7926F38D8B0046A3B8 /* Build configuration list for PBXProject "TaskAttack" */ = {
			isa = XCConfigurationList;
			buildConfigurations = (
				96C43AA126F38D8D0046A3B8 /* Debug */,
				96C43AA226F38D8D0046A3B8 /* Release */,
			);
			defaultConfigurationIsVisible = 0;
			defaultConfigurationName = Release;
		};
		96C43AA326F38D8D0046A3B8 /* Build configuration list for PBXNativeTarget "TaskAttack" */ = {
			isa = XCConfigurationList;
			buildConfigurations = (
				96C43AA426F38D8D0046A3B8 /* Debug */,
				96C43AA526F38D8D0046A3B8 /* Release */,
			);
			defaultConfigurationIsVisible = 0;
			defaultConfigurationName = Release;
		};
		96C43AA626F38D8D0046A3B8 /* Build configuration list for PBXNativeTarget "TaskAttackTests" */ = {
			isa = XCConfigurationList;
			buildConfigurations = (
				96C43AA726F38D8D0046A3B8 /* Debug */,
				96C43AA826F38D8D0046A3B8 /* Release */,
			);
			defaultConfigurationIsVisible = 0;
			defaultConfigurationName = Release;
		};
		96C43AA926F38D8D0046A3B8 /* Build configuration list for PBXNativeTarget "TaskAttackUITests" */ = {
			isa = XCConfigurationList;
			buildConfigurations = (
				96C43AAA26F38D8D0046A3B8 /* Debug */,
				96C43AAB26F38D8D0046A3B8 /* Release */,
			);
			defaultConfigurationIsVisible = 0;
			defaultConfigurationName = Release;
		};
/* End XCConfigurationList section */

/* Begin XCRemoteSwiftPackageReference section */
		9625AB5B273D7E2400E31242 /* XCRemoteSwiftPackageReference "firebase-ios-sdk" */ = {
			isa = XCRemoteSwiftPackageReference;
			repositoryURL = "https://github.com/firebase/firebase-ios-sdk.git";
			requirement = {
				kind = upToNextMajorVersion;
				minimumVersion = 8.0.0;
			};
		};
/* End XCRemoteSwiftPackageReference section */

/* Begin XCSwiftPackageProductDependency section */
		9625AB5C273D7E2400E31242 /* FirebaseAnalytics */ = {
			isa = XCSwiftPackageProductDependency;
			package = 9625AB5B273D7E2400E31242 /* XCRemoteSwiftPackageReference "firebase-ios-sdk" */;
			productName = FirebaseAnalytics;
		};
		9625AB5E273D7E2400E31242 /* FirebaseAnalyticsSwift-Beta */ = {
			isa = XCSwiftPackageProductDependency;
			package = 9625AB5B273D7E2400E31242 /* XCRemoteSwiftPackageReference "firebase-ios-sdk" */;
			productName = "FirebaseAnalyticsSwift-Beta";
		};
		9625AB60273D7E2400E31242 /* FirebaseAppDistribution-Beta */ = {
			isa = XCSwiftPackageProductDependency;
			package = 9625AB5B273D7E2400E31242 /* XCRemoteSwiftPackageReference "firebase-ios-sdk" */;
			productName = "FirebaseAppDistribution-Beta";
		};
		9625AB62273D7E2400E31242 /* FirebaseAuth */ = {
			isa = XCSwiftPackageProductDependency;
			package = 9625AB5B273D7E2400E31242 /* XCRemoteSwiftPackageReference "firebase-ios-sdk" */;
			productName = FirebaseAuth;
		};
		9625AB64273D7E2400E31242 /* FirebaseDatabase */ = {
			isa = XCSwiftPackageProductDependency;
			package = 9625AB5B273D7E2400E31242 /* XCRemoteSwiftPackageReference "firebase-ios-sdk" */;
			productName = FirebaseDatabase;
		};
		9625AB66273D7E2400E31242 /* FirebaseDatabaseSwift-Beta */ = {
			isa = XCSwiftPackageProductDependency;
			package = 9625AB5B273D7E2400E31242 /* XCRemoteSwiftPackageReference "firebase-ios-sdk" */;
			productName = "FirebaseDatabaseSwift-Beta";
		};
		9625AB68273D7E2400E31242 /* FirebaseFirestore */ = {
			isa = XCSwiftPackageProductDependency;
			package = 9625AB5B273D7E2400E31242 /* XCRemoteSwiftPackageReference "firebase-ios-sdk" */;
			productName = FirebaseFirestore;
		};
		9625AB6A273D7E2400E31242 /* FirebaseFirestoreSwift-Beta */ = {
			isa = XCSwiftPackageProductDependency;
			package = 9625AB5B273D7E2400E31242 /* XCRemoteSwiftPackageReference "firebase-ios-sdk" */;
			productName = "FirebaseFirestoreSwift-Beta";
		};
		9625AB6C273D7E2400E31242 /* FirebaseStorage */ = {
			isa = XCSwiftPackageProductDependency;
			package = 9625AB5B273D7E2400E31242 /* XCRemoteSwiftPackageReference "firebase-ios-sdk" */;
			productName = FirebaseStorage;
		};
		9625AB6E273D7E2400E31242 /* FirebaseStorageSwift-Beta */ = {
			isa = XCSwiftPackageProductDependency;
			package = 9625AB5B273D7E2400E31242 /* XCRemoteSwiftPackageReference "firebase-ios-sdk" */;
			productName = "FirebaseStorageSwift-Beta";
		};
/* End XCSwiftPackageProductDependency section */
	};
	rootObject = 96C43A7626F38D8B0046A3B8 /* Project object */;
}
